
Microsoft Visual Studio Solution File, Format Version 12.00
# Visual Studio 15
VisualStudioVersion = 15.0.26124.0
MinimumVisualStudioVersion = 15.0.26124.0
Project("{2150E333-8FDC-42A3-9474-1A3956D46DE8}") = "src", "src", "{F1BE5EF9-2AFA-4820-83AB-6879BAD87F00}"
EndProject
Project("{FAE04EC0-301F-11D3-BF4B-00C04F79EFBC}") = "UI", "src\UI\UI.csproj", "{048FDBF1-1383-4D45-A51A-B9328D2808EC}"
EndProject
Global
	GlobalSection(SolutionConfigurationPlatforms) = preSolution
		Debug|Any CPU = Debug|Any CPU
		Debug|x64 = Debug|x64
		Debug|x86 = Debug|x86
		Release|Any CPU = Release|Any CPU
		Release|x64 = Release|x64
		Release|x86 = Release|x86
	EndGlobalSection
	GlobalSection(SolutionProperties) = preSolution
		HideSolutionNode = FALSE
	EndGlobalSection
	GlobalSection(ProjectConfigurationPlatforms) = postSolution
		{048FDBF1-1383-4D45-A51A-B9328D2808EC}.Debug|Any CPU.ActiveCfg = Debug|Any CPU
		{048FDBF1-1383-4D45-A51A-B9328D2808EC}.Debug|Any CPU.Build.0 = Debug|Any CPU
		{048FDBF1-1383-4D45-A51A-B9328D2808EC}.Debug|x64.ActiveCfg = Debug|Any CPU
		{048FDBF1-1383-4D45-A51A-B9328D2808EC}.Debug|x64.Build.0 = Debug|Any CPU
		{048FDBF1-1383-4D45-A51A-B9328D2808EC}.Debug|x86.ActiveCfg = Debug|Any CPU
		{048FDBF1-1383-4D45-A51A-B9328D2808EC}.Debug|x86.Build.0 = Debug|Any CPU
		{048FDBF1-1383-4D45-A51A-B9328D2808EC}.Release|Any CPU.ActiveCfg = Release|Any CPU
		{048FDBF1-1383-4D45-A51A-B9328D2808EC}.Release|Any CPU.Build.0 = Release|Any CPU
		{048FDBF1-1383-4D45-A51A-B9328D2808EC}.Release|x64.ActiveCfg = Release|Any CPU
		{048FDBF1-1383-4D45-A51A-B9328D2808EC}.Release|x64.Build.0 = Release|Any CPU
		{048FDBF1-1383-4D45-A51A-B9328D2808EC}.Release|x86.ActiveCfg = Release|Any CPU
		{048FDBF1-1383-4D45-A51A-B9328D2808EC}.Release|x86.Build.0 = Release|Any CPU
	EndGlobalSection
	GlobalSection(NestedProjects) = preSolution
		{048FDBF1-1383-4D45-A51A-B9328D2808EC} = {F1BE5EF9-2AFA-4820-83AB-6879BAD87F00}
	EndGlobalSection
EndGlobal
